
Microsoft Visual Studio Solution File, Format Version 12.00
# Visual Studio 14
VisualStudioVersion = 14.0.25420.1
MinimumVisualStudioVersion = 10.0.40219.1
Project("{FAE04EC0-301F-11D3-BF4B-00C04F79EFBC}") = "Application2", "Application2\Application2.csproj", "{23CB89B3-EBF7-4775-81E4-3060353A0A63}"
EndProject
Project("{FAE04EC0-301F-11D3-BF4B-00C04F79EFBC}") = "ClassLibrary1", "ClassLibrary1\ClassLibrary1.csproj", "{0353ED0E-5938-4F94-A774-E19AEF54FF66}"
EndProject
Global
	GlobalSection(SolutionConfigurationPlatforms) = preSolution
		Debug|Any CPU = Debug|Any CPU
		Release|Any CPU = Release|Any CPU
	EndGlobalSection
	GlobalSection(ProjectConfigurationPlatforms) = postSolution
		{23CB89B3-EBF7-4775-81E4-3060353A0A63}.Debug|Any CPU.ActiveCfg = Debug|Any CPU
		{23CB89B3-EBF7-4775-81E4-3060353A0A63}.Debug|Any CPU.Build.0 = Debug|Any CPU
		{23CB89B3-EBF7-4775-81E4-3060353A0A63}.Release|Any CPU.ActiveCfg = Release|Any CPU
		{23CB89B3-EBF7-4775-81E4-3060353A0A63}.Release|Any CPU.Build.0 = Release|Any CPU
		{0353ED0E-5938-4F94-A774-E19AEF54FF66}.Debug|Any CPU.ActiveCfg = Debug|Any CPU
		{0353ED0E-5938-4F94-A774-E19AEF54FF66}.Debug|Any CPU.Build.0 = Debug|Any CPU
		{0353ED0E-5938-4F94-A774-E19AEF54FF66}.Release|Any CPU.ActiveCfg = Release|Any CPU
		{0353ED0E-5938-4F94-A774-E19AEF54FF66}.Release|Any CPU.Build.0 = Release|Any CPU
	EndGlobalSection
	GlobalSection(SolutionProperties) = preSolution
		HideSolutionNode = FALSE
	EndGlobalSection
EndGlobal
